
Microsoft Visual Studio Solution File, Format Version 12.00
# Visual Studio Version 17
VisualStudioVersion = 17.10.35013.160
MinimumVisualStudioVersion = 10.0.40219.1
Project("{9A19103F-16F7-4668-BE54-9A1E7A4F7556}") = "JackHenry.Models", "JackHenry.Models\JackHenry.Models.csproj", "{931450E8-2FBA-4E02-A295-31D31CEF889A}"
EndProject
Project("{2150E333-8FDC-42A3-9474-1A3956D46DE8}") = "Global", "Global", "{B96CC8EB-A6D1-4B5B-88BF-2B5EEF7B8E6D}"
	ProjectSection(SolutionItems) = preProject
		.gitignore = .gitignore
		README.md = README.md
	EndProjectSection
EndProject
Project("{2150E333-8FDC-42A3-9474-1A3956D46DE8}") = "Source", "Source", "{016F0921-BFDF-4810-B36B-FEA8755987EC}"
EndProject
Project("{9A19103F-16F7-4668-BE54-9A1E7A4F7556}") = "JackHenry.Console", "JackHenry.Console\JackHenry.Console.csproj", "{5614555F-C902-41BE-ABB3-7AFBFAB954D3}"
EndProject
Project("{9A19103F-16F7-4668-BE54-9A1E7A4F7556}") = "JackHenry.MessageBroker", "JackHenry.MessageBroker\JackHenry.MessageBroker.csproj", "{FA27763A-3633-4441-AF6C-54A036D75765}"
EndProject
Project("{9A19103F-16F7-4668-BE54-9A1E7A4F7556}") = "JackHenry.Proxy.CRUD", "JackHenry.Proxy.CRUD\JackHenry.Proxy.CRUD.csproj", "{B6FA7FCA-B23B-47AD-A6D9-3505487F5FF5}"
EndProject
Project("{9A19103F-16F7-4668-BE54-9A1E7A4F7556}") = "JackHenry.UnitTests", "JackHenry.UnitTests\JackHenry.UnitTests.csproj", "{0C8DA18E-BD5F-4D49-9D1A-F80689F13870}"
EndProject
Project("{9A19103F-16F7-4668-BE54-9A1E7A4F7556}") = "JackHenry.Console.Reddit", "JackHenry.Console.Reddit\JackHenry.Console.Reddit.csproj", "{D20AB1F1-1EBB-4A3F-A5B2-0B5AFCEED59B}"
EndProject
Project("{9A19103F-16F7-4668-BE54-9A1E7A4F7556}") = "JackHenry.Console.Watcher", "JackHenry.Console.Watcher\JackHenry.Console.Watcher.csproj", "{02CCA225-2DAB-4C7E-9F0A-4A3D646C7FED}"
EndProject
Project("{9A19103F-16F7-4668-BE54-9A1E7A4F7556}") = "JackHenry.Proxy.Reddit", "JackHenry.Proxy.Reddit\JackHenry.Proxy.Reddit.csproj", "{669988FC-0DF1-4342-A8E2-9AD260C72B58}"
EndProject
Project("{9A19103F-16F7-4668-BE54-9A1E7A4F7556}") = "JackHenry.Repo", "JackHenry.Repo\JackHenry.Repo.csproj", "{4A49E68C-DD81-4112-A7BD-0345907E26B7}"
EndProject
Project("{9A19103F-16F7-4668-BE54-9A1E7A4F7556}") = "JackHenry.WebApi.CRUD", "JackHenry.WebApi.CRUD\JackHenry.WebApi.CRUD.csproj", "{F522FC8A-7DE5-4B1B-85EE-723724D23ABE}"
EndProject
Project("{9A19103F-16F7-4668-BE54-9A1E7A4F7556}") = "JackHenry.Settings", "JackHenry.Settings\JackHenry.Settings.csproj", "{E3EF8E5A-070A-4615-B7AF-0EAF30A9DDFB}"
EndProject
Global
	GlobalSection(SolutionConfigurationPlatforms) = preSolution
		Debug|Any CPU = Debug|Any CPU
		Release|Any CPU = Release|Any CPU
	EndGlobalSection
	GlobalSection(ProjectConfigurationPlatforms) = postSolution
		{931450E8-2FBA-4E02-A295-31D31CEF889A}.Debug|Any CPU.ActiveCfg = Debug|Any CPU
		{931450E8-2FBA-4E02-A295-31D31CEF889A}.Debug|Any CPU.Build.0 = Debug|Any CPU
		{931450E8-2FBA-4E02-A295-31D31CEF889A}.Release|Any CPU.ActiveCfg = Release|Any CPU
		{931450E8-2FBA-4E02-A295-31D31CEF889A}.Release|Any CPU.Build.0 = Release|Any CPU
		{5614555F-C902-41BE-ABB3-7AFBFAB954D3}.Debug|Any CPU.ActiveCfg = Debug|Any CPU
		{5614555F-C902-41BE-ABB3-7AFBFAB954D3}.Debug|Any CPU.Build.0 = Debug|Any CPU
		{5614555F-C902-41BE-ABB3-7AFBFAB954D3}.Release|Any CPU.ActiveCfg = Release|Any CPU
		{5614555F-C902-41BE-ABB3-7AFBFAB954D3}.Release|Any CPU.Build.0 = Release|Any CPU
		{FA27763A-3633-4441-AF6C-54A036D75765}.Debug|Any CPU.ActiveCfg = Debug|Any CPU
		{FA27763A-3633-4441-AF6C-54A036D75765}.Debug|Any CPU.Build.0 = Debug|Any CPU
		{FA27763A-3633-4441-AF6C-54A036D75765}.Release|Any CPU.ActiveCfg = Release|Any CPU
		{FA27763A-3633-4441-AF6C-54A036D75765}.Release|Any CPU.Build.0 = Release|Any CPU
		{B6FA7FCA-B23B-47AD-A6D9-3505487F5FF5}.Debug|Any CPU.ActiveCfg = Debug|Any CPU
		{B6FA7FCA-B23B-47AD-A6D9-3505487F5FF5}.Debug|Any CPU.Build.0 = Debug|Any CPU
		{B6FA7FCA-B23B-47AD-A6D9-3505487F5FF5}.Release|Any CPU.ActiveCfg = Release|Any CPU
		{B6FA7FCA-B23B-47AD-A6D9-3505487F5FF5}.Release|Any CPU.Build.0 = Release|Any CPU
		{0C8DA18E-BD5F-4D49-9D1A-F80689F13870}.Debug|Any CPU.ActiveCfg = Debug|Any CPU
		{0C8DA18E-BD5F-4D49-9D1A-F80689F13870}.Debug|Any CPU.Build.0 = Debug|Any CPU
		{0C8DA18E-BD5F-4D49-9D1A-F80689F13870}.Release|Any CPU.ActiveCfg = Release|Any CPU
		{0C8DA18E-BD5F-4D49-9D1A-F80689F13870}.Release|Any CPU.Build.0 = Release|Any CPU
		{D20AB1F1-1EBB-4A3F-A5B2-0B5AFCEED59B}.Debug|Any CPU.ActiveCfg = Debug|Any CPU
		{D20AB1F1-1EBB-4A3F-A5B2-0B5AFCEED59B}.Debug|Any CPU.Build.0 = Debug|Any CPU
		{D20AB1F1-1EBB-4A3F-A5B2-0B5AFCEED59B}.Release|Any CPU.ActiveCfg = Release|Any CPU
		{D20AB1F1-1EBB-4A3F-A5B2-0B5AFCEED59B}.Release|Any CPU.Build.0 = Release|Any CPU
		{02CCA225-2DAB-4C7E-9F0A-4A3D646C7FED}.Debug|Any CPU.ActiveCfg = Debug|Any CPU
		{02CCA225-2DAB-4C7E-9F0A-4A3D646C7FED}.Debug|Any CPU.Build.0 = Debug|Any CPU
		{02CCA225-2DAB-4C7E-9F0A-4A3D646C7FED}.Release|Any CPU.ActiveCfg = Release|Any CPU
		{02CCA225-2DAB-4C7E-9F0A-4A3D646C7FED}.Release|Any CPU.Build.0 = Release|Any CPU
		{669988FC-0DF1-4342-A8E2-9AD260C72B58}.Debug|Any CPU.ActiveCfg = Debug|Any CPU
		{669988FC-0DF1-4342-A8E2-9AD260C72B58}.Debug|Any CPU.Build.0 = Debug|Any CPU
		{669988FC-0DF1-4342-A8E2-9AD260C72B58}.Release|Any CPU.ActiveCfg = Release|Any CPU
		{669988FC-0DF1-4342-A8E2-9AD260C72B58}.Release|Any CPU.Build.0 = Release|Any CPU
		{4A49E68C-DD81-4112-A7BD-0345907E26B7}.Debug|Any CPU.ActiveCfg = Debug|Any CPU
		{4A49E68C-DD81-4112-A7BD-0345907E26B7}.Debug|Any CPU.Build.0 = Debug|Any CPU
		{4A49E68C-DD81-4112-A7BD-0345907E26B7}.Release|Any CPU.ActiveCfg = Release|Any CPU
		{4A49E68C-DD81-4112-A7BD-0345907E26B7}.Release|Any CPU.Build.0 = Release|Any CPU
		{F522FC8A-7DE5-4B1B-85EE-723724D23ABE}.Debug|Any CPU.ActiveCfg = Debug|Any CPU
		{F522FC8A-7DE5-4B1B-85EE-723724D23ABE}.Debug|Any CPU.Build.0 = Debug|Any CPU
		{F522FC8A-7DE5-4B1B-85EE-723724D23ABE}.Release|Any CPU.ActiveCfg = Release|Any CPU
		{F522FC8A-7DE5-4B1B-85EE-723724D23ABE}.Release|Any CPU.Build.0 = Release|Any CPU
		{E3EF8E5A-070A-4615-B7AF-0EAF30A9DDFB}.Debug|Any CPU.ActiveCfg = Debug|Any CPU
		{E3EF8E5A-070A-4615-B7AF-0EAF30A9DDFB}.Debug|Any CPU.Build.0 = Debug|Any CPU
		{E3EF8E5A-070A-4615-B7AF-0EAF30A9DDFB}.Release|Any CPU.ActiveCfg = Release|Any CPU
		{E3EF8E5A-070A-4615-B7AF-0EAF30A9DDFB}.Release|Any CPU.Build.0 = Release|Any CPU
	EndGlobalSection
	GlobalSection(SolutionProperties) = preSolution
		HideSolutionNode = FALSE
	EndGlobalSection
	GlobalSection(NestedProjects) = preSolution
		{931450E8-2FBA-4E02-A295-31D31CEF889A} = {016F0921-BFDF-4810-B36B-FEA8755987EC}
		{5614555F-C902-41BE-ABB3-7AFBFAB954D3} = {016F0921-BFDF-4810-B36B-FEA8755987EC}
		{FA27763A-3633-4441-AF6C-54A036D75765} = {016F0921-BFDF-4810-B36B-FEA8755987EC}
		{B6FA7FCA-B23B-47AD-A6D9-3505487F5FF5} = {016F0921-BFDF-4810-B36B-FEA8755987EC}
		{D20AB1F1-1EBB-4A3F-A5B2-0B5AFCEED59B} = {016F0921-BFDF-4810-B36B-FEA8755987EC}
		{02CCA225-2DAB-4C7E-9F0A-4A3D646C7FED} = {016F0921-BFDF-4810-B36B-FEA8755987EC}
		{669988FC-0DF1-4342-A8E2-9AD260C72B58} = {016F0921-BFDF-4810-B36B-FEA8755987EC}
		{4A49E68C-DD81-4112-A7BD-0345907E26B7} = {016F0921-BFDF-4810-B36B-FEA8755987EC}
		{F522FC8A-7DE5-4B1B-85EE-723724D23ABE} = {016F0921-BFDF-4810-B36B-FEA8755987EC}
		{E3EF8E5A-070A-4615-B7AF-0EAF30A9DDFB} = {016F0921-BFDF-4810-B36B-FEA8755987EC}
	EndGlobalSection
	GlobalSection(ExtensibilityGlobals) = postSolution
		SolutionGuid = {8DD8D97B-28BC-4E9F-9A38-5B7D99E1CB4C}
	EndGlobalSection
EndGlobal
