
Microsoft Visual Studio Solution File, Format Version 12.00
# Visual Studio Version 17
VisualStudioVersion = 17.10.35013.160
MinimumVisualStudioVersion = 10.0.40219.1
Project("{9A19103F-16F7-4668-BE54-9A1E7A4F7556}") = "JackHenry.Models", "JackHenry.Models\JackHenry.Models.csproj", "{931450E8-2FBA-4E02-A295-31D31CEF889A}"
EndProject
Project("{2150E333-8FDC-42A3-9474-1A3956D46DE8}") = "_Global", "_Global", "{B96CC8EB-A6D1-4B5B-88BF-2B5EEF7B8E6D}"
	ProjectSection(SolutionItems) = preProject
		.gitignore = .gitignore
		README.md = README.md
	EndProjectSection
EndProject
Project("{9A19103F-16F7-4668-BE54-9A1E7A4F7556}") = "JackHenry.Repo", "JackHenry.Repo\JackHenry.Repo.csproj", "{EE2B4146-A1DD-4D2D-8A0F-9A5F592B528F}"
EndProject
Project("{2150E333-8FDC-42A3-9474-1A3956D46DE8}") = "Frontend", "Frontend", "{D5F66DC1-E790-43E6-A4E7-ABBDE8885626}"
EndProject
Project("{2150E333-8FDC-42A3-9474-1A3956D46DE8}") = "Backend", "Backend", "{016F0921-BFDF-4810-B36B-FEA8755987EC}"
EndProject
Project("{2150E333-8FDC-42A3-9474-1A3956D46DE8}") = "UnitTests", "UnitTests", "{9F64849E-A455-4534-A619-D50BE05F08D1}"
EndProject
Project("{9A19103F-16F7-4668-BE54-9A1E7A4F7556}") = "JackHenry.Business", "JackHenry.Business\JackHenry.Business.csproj", "{31B93F26-6E62-4822-999C-D779A64B6677}"
EndProject
Project("{9A19103F-16F7-4668-BE54-9A1E7A4F7556}") = "JackHenry.UnitTests", "JackHenry.UnitTests\JackHenry.UnitTests.csproj", "{F5D1043F-0C34-49A3-8958-3F06AAECA9BE}"
EndProject
Project("{9A19103F-16F7-4668-BE54-9A1E7A4F7556}") = "JackHenry.Proxy.Reddit", "JackHenry.Proxy.Reddit\JackHenry.Proxy.Reddit.csproj", "{A4A3CDD4-FF43-42EB-B07B-FEB96DB13BCC}"
EndProject
Project("{FAE04EC0-301F-11D3-BF4B-00C04F79EFBC}") = "JackHenry.WebApi", "JackHenry.WebApi\JackHenry.WebApi.csproj", "{1FC7D66E-CF6D-4841-BB1F-F28E75FC10CC}"
EndProject
Global
	GlobalSection(SolutionConfigurationPlatforms) = preSolution
		Debug|Any CPU = Debug|Any CPU
		Release|Any CPU = Release|Any CPU
	EndGlobalSection
	GlobalSection(ProjectConfigurationPlatforms) = postSolution
		{931450E8-2FBA-4E02-A295-31D31CEF889A}.Debug|Any CPU.ActiveCfg = Debug|Any CPU
		{931450E8-2FBA-4E02-A295-31D31CEF889A}.Debug|Any CPU.Build.0 = Debug|Any CPU
		{931450E8-2FBA-4E02-A295-31D31CEF889A}.Release|Any CPU.ActiveCfg = Release|Any CPU
		{931450E8-2FBA-4E02-A295-31D31CEF889A}.Release|Any CPU.Build.0 = Release|Any CPU
		{EE2B4146-A1DD-4D2D-8A0F-9A5F592B528F}.Debug|Any CPU.ActiveCfg = Debug|Any CPU
		{EE2B4146-A1DD-4D2D-8A0F-9A5F592B528F}.Debug|Any CPU.Build.0 = Debug|Any CPU
		{EE2B4146-A1DD-4D2D-8A0F-9A5F592B528F}.Release|Any CPU.ActiveCfg = Release|Any CPU
		{EE2B4146-A1DD-4D2D-8A0F-9A5F592B528F}.Release|Any CPU.Build.0 = Release|Any CPU
		{31B93F26-6E62-4822-999C-D779A64B6677}.Debug|Any CPU.ActiveCfg = Debug|Any CPU
		{31B93F26-6E62-4822-999C-D779A64B6677}.Debug|Any CPU.Build.0 = Debug|Any CPU
		{31B93F26-6E62-4822-999C-D779A64B6677}.Release|Any CPU.ActiveCfg = Release|Any CPU
		{31B93F26-6E62-4822-999C-D779A64B6677}.Release|Any CPU.Build.0 = Release|Any CPU
		{F5D1043F-0C34-49A3-8958-3F06AAECA9BE}.Debug|Any CPU.ActiveCfg = Debug|Any CPU
		{F5D1043F-0C34-49A3-8958-3F06AAECA9BE}.Debug|Any CPU.Build.0 = Debug|Any CPU
		{F5D1043F-0C34-49A3-8958-3F06AAECA9BE}.Release|Any CPU.ActiveCfg = Release|Any CPU
		{F5D1043F-0C34-49A3-8958-3F06AAECA9BE}.Release|Any CPU.Build.0 = Release|Any CPU
		{A4A3CDD4-FF43-42EB-B07B-FEB96DB13BCC}.Debug|Any CPU.ActiveCfg = Debug|Any CPU
		{A4A3CDD4-FF43-42EB-B07B-FEB96DB13BCC}.Debug|Any CPU.Build.0 = Debug|Any CPU
		{A4A3CDD4-FF43-42EB-B07B-FEB96DB13BCC}.Release|Any CPU.ActiveCfg = Release|Any CPU
		{A4A3CDD4-FF43-42EB-B07B-FEB96DB13BCC}.Release|Any CPU.Build.0 = Release|Any CPU
		{1FC7D66E-CF6D-4841-BB1F-F28E75FC10CC}.Debug|Any CPU.ActiveCfg = Debug|Any CPU
		{1FC7D66E-CF6D-4841-BB1F-F28E75FC10CC}.Debug|Any CPU.Build.0 = Debug|Any CPU
		{1FC7D66E-CF6D-4841-BB1F-F28E75FC10CC}.Release|Any CPU.ActiveCfg = Release|Any CPU
		{1FC7D66E-CF6D-4841-BB1F-F28E75FC10CC}.Release|Any CPU.Build.0 = Release|Any CPU
	EndGlobalSection
	GlobalSection(SolutionProperties) = preSolution
		HideSolutionNode = FALSE
	EndGlobalSection
	GlobalSection(NestedProjects) = preSolution
		{931450E8-2FBA-4E02-A295-31D31CEF889A} = {016F0921-BFDF-4810-B36B-FEA8755987EC}
		{EE2B4146-A1DD-4D2D-8A0F-9A5F592B528F} = {016F0921-BFDF-4810-B36B-FEA8755987EC}
		{31B93F26-6E62-4822-999C-D779A64B6677} = {016F0921-BFDF-4810-B36B-FEA8755987EC}
		{F5D1043F-0C34-49A3-8958-3F06AAECA9BE} = {9F64849E-A455-4534-A619-D50BE05F08D1}
		{A4A3CDD4-FF43-42EB-B07B-FEB96DB13BCC} = {016F0921-BFDF-4810-B36B-FEA8755987EC}
		{1FC7D66E-CF6D-4841-BB1F-F28E75FC10CC} = {016F0921-BFDF-4810-B36B-FEA8755987EC}
	EndGlobalSection
	GlobalSection(ExtensibilityGlobals) = postSolution
		SolutionGuid = {8DD8D97B-28BC-4E9F-9A38-5B7D99E1CB4C}
	EndGlobalSection
EndGlobal
